
Microsoft Visual Studio Solution File, Format Version 12.00
# Visual Studio Version 17
VisualStudioVersion = 17.8.34330.188
MinimumVisualStudioVersion = 10.0.40219.1
Project("{9A19103F-16F7-4668-BE54-9A1E7A4F7556}") = "Server", "Server.csproj", "{2AEA48FF-806A-4C86-945B-9D098A48D1F2}"
EndProject
Project("{FAE04EC0-301F-11D3-BF4B-00C04F79EFBC}") = "Klient", "..\Klient\Klient.csproj", "{BA9CC89D-961D-4A2A-89C6-D8E1D321B495}"
EndProject
Project("{FAE04EC0-301F-11D3-BF4B-00C04F79EFBC}") = "Commons", "..\Commons\Commons.csproj", "{60C52F2B-419F-429A-B385-3D39FA23EC3F}"
EndProject
Global
	GlobalSection(SolutionConfigurationPlatforms) = preSolution
		Debug|Any CPU = Debug|Any CPU
		Release|Any CPU = Release|Any CPU
	EndGlobalSection
	GlobalSection(ProjectConfigurationPlatforms) = postSolution
		{2AEA48FF-806A-4C86-945B-9D098A48D1F2}.Debug|Any CPU.ActiveCfg = Debug|Any CPU
		{2AEA48FF-806A-4C86-945B-9D098A48D1F2}.Debug|Any CPU.Build.0 = Debug|Any CPU
		{2AEA48FF-806A-4C86-945B-9D098A48D1F2}.Release|Any CPU.ActiveCfg = Release|Any CPU
		{2AEA48FF-806A-4C86-945B-9D098A48D1F2}.Release|Any CPU.Build.0 = Release|Any CPU
		{BA9CC89D-961D-4A2A-89C6-D8E1D321B495}.Debug|Any CPU.ActiveCfg = Debug|Any CPU
		{BA9CC89D-961D-4A2A-89C6-D8E1D321B495}.Debug|Any CPU.Build.0 = Debug|Any CPU
		{BA9CC89D-961D-4A2A-89C6-D8E1D321B495}.Release|Any CPU.ActiveCfg = Release|Any CPU
		{BA9CC89D-961D-4A2A-89C6-D8E1D321B495}.Release|Any CPU.Build.0 = Release|Any CPU
		{60C52F2B-419F-429A-B385-3D39FA23EC3F}.Debug|Any CPU.ActiveCfg = Debug|Any CPU
		{60C52F2B-419F-429A-B385-3D39FA23EC3F}.Debug|Any CPU.Build.0 = Debug|Any CPU
		{60C52F2B-419F-429A-B385-3D39FA23EC3F}.Release|Any CPU.ActiveCfg = Release|Any CPU
		{60C52F2B-419F-429A-B385-3D39FA23EC3F}.Release|Any CPU.Build.0 = Release|Any CPU
	EndGlobalSection
	GlobalSection(SolutionProperties) = preSolution
		HideSolutionNode = FALSE
	EndGlobalSection
	GlobalSection(ExtensibilityGlobals) = postSolution
		SolutionGuid = {AA9172E4-B7BF-47BD-9CDA-010BC4A2BA3D}
	EndGlobalSection
EndGlobal
